
Microsoft Visual Studio Solution File, Format Version 12.00
# Visual Studio Version 16
VisualStudioVersion = 16.0.32901.82
MinimumVisualStudioVersion = 10.0.40219.1
Project("{FAE04EC0-301F-11D3-BF4B-00C04F79EFBC}") = "SimpleAutoCompleteWPFControl", "SimpleAutoCompleteWPFControl\SimpleAutoCompleteWPFControl.csproj", "{357287F4-6CEA-4D78-975F-1FFA6BA51D8B}"
EndProject
Global
	GlobalSection(SolutionConfigurationPlatforms) = preSolution
		Debug|Any CPU = Debug|Any CPU
		Release|Any CPU = Release|Any CPU
	EndGlobalSection
	GlobalSection(ProjectConfigurationPlatforms) = postSolution
		{357287F4-6CEA-4D78-975F-1FFA6BA51D8B}.Debug|Any CPU.ActiveCfg = Debug|Any CPU
		{357287F4-6CEA-4D78-975F-1FFA6BA51D8B}.Debug|Any CPU.Build.0 = Debug|Any CPU
		{357287F4-6CEA-4D78-975F-1FFA6BA51D8B}.Release|Any CPU.ActiveCfg = Release|Any CPU
		{357287F4-6CEA-4D78-975F-1FFA6BA51D8B}.Release|Any CPU.Build.0 = Release|Any CPU
	EndGlobalSection
	GlobalSection(SolutionProperties) = preSolution
		HideSolutionNode = FALSE
	EndGlobalSection
	GlobalSection(ExtensibilityGlobals) = postSolution
		SolutionGuid = {98487D05-7BA1-465D-877D-402A5EF48477}
	EndGlobalSection
EndGlobal
